
Microsoft Visual Studio Solution File, Format Version 12.00
# Visual Studio Version 16
VisualStudioVersion = 16.0.29519.181
MinimumVisualStudioVersion = 10.0.40219.1
Project("{FAE04EC0-301F-11D3-BF4B-00C04F79EFBC}") = "Curriculum", "Curriculum\Curriculum.csproj", "{23106461-B2F6-4311-8BA0-223ED51935EB}"
EndProject
Global
	GlobalSection(SolutionConfigurationPlatforms) = preSolution
		Debug|Any CPU = Debug|Any CPU
		Release|Any CPU = Release|Any CPU
	EndGlobalSection
	GlobalSection(ProjectConfigurationPlatforms) = postSolution
		{23106461-B2F6-4311-8BA0-223ED51935EB}.Debug|Any CPU.ActiveCfg = Debug|Any CPU
		{23106461-B2F6-4311-8BA0-223ED51935EB}.Debug|Any CPU.Build.0 = Debug|Any CPU
		{23106461-B2F6-4311-8BA0-223ED51935EB}.Release|Any CPU.ActiveCfg = Release|Any CPU
		{23106461-B2F6-4311-8BA0-223ED51935EB}.Release|Any CPU.Build.0 = Release|Any CPU
	EndGlobalSection
	GlobalSection(SolutionProperties) = preSolution
		HideSolutionNode = FALSE
	EndGlobalSection
	GlobalSection(ExtensibilityGlobals) = postSolution
		SolutionGuid = {3E2AFF2A-315D-41A7-83B4-79043F7B09FF}
	EndGlobalSection
EndGlobal
