
Microsoft Visual Studio Solution File, Format Version 12.00
# Visual Studio Version 16
VisualStudioVersion = 16.0.29519.181
MinimumVisualStudioVersion = 10.0.40219.1
Project("{FAE04EC0-301F-11D3-BF4B-00C04F79EFBC}") = "Curriculum", "Curriculum\Curriculum.csproj", "{F57DC3C0-7533-4B74-B0D5-86EE0783D6C6}"
EndProject
Global
	GlobalSection(SolutionConfigurationPlatforms) = preSolution
		Debug|Any CPU = Debug|Any CPU
		Release|Any CPU = Release|Any CPU
	EndGlobalSection
	GlobalSection(ProjectConfigurationPlatforms) = postSolution
		{F57DC3C0-7533-4B74-B0D5-86EE0783D6C6}.Debug|Any CPU.ActiveCfg = Debug|Any CPU
		{F57DC3C0-7533-4B74-B0D5-86EE0783D6C6}.Debug|Any CPU.Build.0 = Debug|Any CPU
		{F57DC3C0-7533-4B74-B0D5-86EE0783D6C6}.Release|Any CPU.ActiveCfg = Release|Any CPU
		{F57DC3C0-7533-4B74-B0D5-86EE0783D6C6}.Release|Any CPU.Build.0 = Release|Any CPU
	EndGlobalSection
	GlobalSection(SolutionProperties) = preSolution
		HideSolutionNode = FALSE
	EndGlobalSection
	GlobalSection(ExtensibilityGlobals) = postSolution
		SolutionGuid = {1B87CAD9-1F1A-4EE5-9985-8CC8D65E9006}
	EndGlobalSection
EndGlobal
